
Microsoft Visual Studio Solution File, Format Version 12.00
# Visual Studio Version 17
VisualStudioVersion = 17.5.33103.201
MinimumVisualStudioVersion = 10.0.40219.1
Project("{FAE04EC0-301F-11D3-BF4B-00C04F79EFBC}") = "AppBaseToolkit", "AppBaseToolkit\AppBaseToolkit.csproj", "{6462D2C9-EBCB-4E63-8963-429BC7B06C85}"
EndProject
Project("{FAE04EC0-301F-11D3-BF4B-00C04F79EFBC}") = "AppBaseToolkitTests", "AppBaseToolkitTests\AppBaseToolkitTests.csproj", "{BC5E5D7C-9D46-4C10-97FD-F452FF18A087}"
EndProject
Project("{FAE04EC0-301F-11D3-BF4B-00C04F79EFBC}") = "TestApplication", "TestApplication\TestApplication.csproj", "{38F508CE-558E-4CC5-B3E2-3B907081E375}"
EndProject
Global
	GlobalSection(SolutionConfigurationPlatforms) = preSolution
		Debug|Any CPU = Debug|Any CPU
		Release|Any CPU = Release|Any CPU
	EndGlobalSection
	GlobalSection(ProjectConfigurationPlatforms) = postSolution
		{6462D2C9-EBCB-4E63-8963-429BC7B06C85}.Debug|Any CPU.ActiveCfg = Debug|Any CPU
		{6462D2C9-EBCB-4E63-8963-429BC7B06C85}.Debug|Any CPU.Build.0 = Debug|Any CPU
		{6462D2C9-EBCB-4E63-8963-429BC7B06C85}.Release|Any CPU.ActiveCfg = Release|Any CPU
		{6462D2C9-EBCB-4E63-8963-429BC7B06C85}.Release|Any CPU.Build.0 = Release|Any CPU
		{BC5E5D7C-9D46-4C10-97FD-F452FF18A087}.Debug|Any CPU.ActiveCfg = Debug|Any CPU
		{BC5E5D7C-9D46-4C10-97FD-F452FF18A087}.Debug|Any CPU.Build.0 = Debug|Any CPU
		{BC5E5D7C-9D46-4C10-97FD-F452FF18A087}.Release|Any CPU.ActiveCfg = Release|Any CPU
		{BC5E5D7C-9D46-4C10-97FD-F452FF18A087}.Release|Any CPU.Build.0 = Release|Any CPU
		{38F508CE-558E-4CC5-B3E2-3B907081E375}.Debug|Any CPU.ActiveCfg = Debug|Any CPU
		{38F508CE-558E-4CC5-B3E2-3B907081E375}.Debug|Any CPU.Build.0 = Debug|Any CPU
		{38F508CE-558E-4CC5-B3E2-3B907081E375}.Release|Any CPU.ActiveCfg = Release|Any CPU
		{38F508CE-558E-4CC5-B3E2-3B907081E375}.Release|Any CPU.Build.0 = Release|Any CPU
	EndGlobalSection
	GlobalSection(SolutionProperties) = preSolution
		HideSolutionNode = FALSE
	EndGlobalSection
	GlobalSection(ExtensibilityGlobals) = postSolution
		SolutionGuid = {AF6024CA-B4E5-43E1-A92E-A39D4778AE25}
	EndGlobalSection
EndGlobal
